
Microsoft Visual Studio Solution File, Format Version 12.00
# Visual Studio Version 17
VisualStudioVersion = 17.5.002.0
MinimumVisualStudioVersion = 10.0.40219.1
Project("{9A19103F-16F7-4668-BE54-9A1E7A4F7556}") = "Ejercicio21", "Ejercicio21\Ejercicio21.csproj", "{1567DBCA-A5F5-4DBF-A01C-2FF64F44471F}"
EndProject
Project("{9A19103F-16F7-4668-BE54-9A1E7A4F7556}") = "Ejercicio22", "Ejercicio22\Ejercicio22.csproj", "{BB7BF0B8-7694-41E9-8ABD-5170816C6808}"
EndProject
Global
	GlobalSection(SolutionConfigurationPlatforms) = preSolution
		Debug|Any CPU = Debug|Any CPU
		Release|Any CPU = Release|Any CPU
	EndGlobalSection
	GlobalSection(ProjectConfigurationPlatforms) = postSolution
		{1567DBCA-A5F5-4DBF-A01C-2FF64F44471F}.Debug|Any CPU.ActiveCfg = Debug|Any CPU
		{1567DBCA-A5F5-4DBF-A01C-2FF64F44471F}.Debug|Any CPU.Build.0 = Debug|Any CPU
		{1567DBCA-A5F5-4DBF-A01C-2FF64F44471F}.Release|Any CPU.ActiveCfg = Release|Any CPU
		{1567DBCA-A5F5-4DBF-A01C-2FF64F44471F}.Release|Any CPU.Build.0 = Release|Any CPU
		{BB7BF0B8-7694-41E9-8ABD-5170816C6808}.Debug|Any CPU.ActiveCfg = Debug|Any CPU
		{BB7BF0B8-7694-41E9-8ABD-5170816C6808}.Debug|Any CPU.Build.0 = Debug|Any CPU
		{BB7BF0B8-7694-41E9-8ABD-5170816C6808}.Release|Any CPU.ActiveCfg = Release|Any CPU
		{BB7BF0B8-7694-41E9-8ABD-5170816C6808}.Release|Any CPU.Build.0 = Release|Any CPU
	EndGlobalSection
	GlobalSection(SolutionProperties) = preSolution
		HideSolutionNode = FALSE
	EndGlobalSection
	GlobalSection(ExtensibilityGlobals) = postSolution
		SolutionGuid = {087FFFD8-12CC-4B08-BDBD-D0186C55639A}
	EndGlobalSection
EndGlobal
