
Microsoft Visual Studio Solution File, Format Version 12.00
# Visual Studio Version 17
VisualStudioVersion = 17.5.002.0
MinimumVisualStudioVersion = 10.0.40219.1
Project("{9A19103F-16F7-4668-BE54-9A1E7A4F7556}") = "Ejercicio21", "Ejercicio21\Ejercicio21.csproj", "{898E839F-B0C5-428E-8518-7191CF4B7C90}"
EndProject
Project("{9A19103F-16F7-4668-BE54-9A1E7A4F7556}") = "Ejercicio22", "Ejercicio22\Ejercicio22.csproj", "{75002A2B-7B7A-4285-B335-BD991B13D22B}"
EndProject
Project("{9A19103F-16F7-4668-BE54-9A1E7A4F7556}") = "Ejercicio23", "Ejercicio23\Ejercicio23.csproj", "{AD9B3CF7-803C-467D-A8EA-D0A0EDBAC7D1}"
EndProject
Global
	GlobalSection(SolutionConfigurationPlatforms) = preSolution
		Debug|Any CPU = Debug|Any CPU
		Release|Any CPU = Release|Any CPU
	EndGlobalSection
	GlobalSection(ProjectConfigurationPlatforms) = postSolution
		{898E839F-B0C5-428E-8518-7191CF4B7C90}.Debug|Any CPU.ActiveCfg = Debug|Any CPU
		{898E839F-B0C5-428E-8518-7191CF4B7C90}.Debug|Any CPU.Build.0 = Debug|Any CPU
		{898E839F-B0C5-428E-8518-7191CF4B7C90}.Release|Any CPU.ActiveCfg = Release|Any CPU
		{898E839F-B0C5-428E-8518-7191CF4B7C90}.Release|Any CPU.Build.0 = Release|Any CPU
		{75002A2B-7B7A-4285-B335-BD991B13D22B}.Debug|Any CPU.ActiveCfg = Debug|Any CPU
		{75002A2B-7B7A-4285-B335-BD991B13D22B}.Debug|Any CPU.Build.0 = Debug|Any CPU
		{75002A2B-7B7A-4285-B335-BD991B13D22B}.Release|Any CPU.ActiveCfg = Release|Any CPU
		{75002A2B-7B7A-4285-B335-BD991B13D22B}.Release|Any CPU.Build.0 = Release|Any CPU
		{AD9B3CF7-803C-467D-A8EA-D0A0EDBAC7D1}.Debug|Any CPU.ActiveCfg = Debug|Any CPU
		{AD9B3CF7-803C-467D-A8EA-D0A0EDBAC7D1}.Debug|Any CPU.Build.0 = Debug|Any CPU
		{AD9B3CF7-803C-467D-A8EA-D0A0EDBAC7D1}.Release|Any CPU.ActiveCfg = Release|Any CPU
		{AD9B3CF7-803C-467D-A8EA-D0A0EDBAC7D1}.Release|Any CPU.Build.0 = Release|Any CPU
	EndGlobalSection
	GlobalSection(SolutionProperties) = preSolution
		HideSolutionNode = FALSE
	EndGlobalSection
	GlobalSection(ExtensibilityGlobals) = postSolution
		SolutionGuid = {087FFFD8-12CC-4B08-BDBD-D0186C55639A}
	EndGlobalSection
EndGlobal
