
Microsoft Visual Studio Solution File, Format Version 12.00
# Visual Studio Version 17
VisualStudioVersion = 17.5.002.0
MinimumVisualStudioVersion = 10.0.40219.1
Project("{9A19103F-16F7-4668-BE54-9A1E7A4F7556}") = "Ejercicio21", "Ejercicio21\Ejercicio21.csproj", "{4D8A850F-A534-4393-A133-B7C6665381A9}"
EndProject
Project("{9A19103F-16F7-4668-BE54-9A1E7A4F7556}") = "Ejercicio22", "Ejercicio22\Ejercicio22.csproj", "{CA8CEEA7-19B3-470E-97B7-0E4261AC87A1}"
EndProject
Project("{9A19103F-16F7-4668-BE54-9A1E7A4F7556}") = "Ejercicio23", "Ejercicio23\Ejercicio23.csproj", "{454261E1-1520-47F8-A19C-739BC1192870}"
EndProject
Project("{9A19103F-16F7-4668-BE54-9A1E7A4F7556}") = "Ejercicio25", "Ejercicio25\Ejercicio25.csproj", "{5A434C62-04F4-4836-973A-6270BA5CF2E8}"
EndProject
Global
	GlobalSection(SolutionConfigurationPlatforms) = preSolution
		Debug|Any CPU = Debug|Any CPU
		Release|Any CPU = Release|Any CPU
	EndGlobalSection
	GlobalSection(ProjectConfigurationPlatforms) = postSolution
		{4D8A850F-A534-4393-A133-B7C6665381A9}.Debug|Any CPU.ActiveCfg = Debug|Any CPU
		{4D8A850F-A534-4393-A133-B7C6665381A9}.Debug|Any CPU.Build.0 = Debug|Any CPU
		{4D8A850F-A534-4393-A133-B7C6665381A9}.Release|Any CPU.ActiveCfg = Release|Any CPU
		{4D8A850F-A534-4393-A133-B7C6665381A9}.Release|Any CPU.Build.0 = Release|Any CPU
		{CA8CEEA7-19B3-470E-97B7-0E4261AC87A1}.Debug|Any CPU.ActiveCfg = Debug|Any CPU
		{CA8CEEA7-19B3-470E-97B7-0E4261AC87A1}.Debug|Any CPU.Build.0 = Debug|Any CPU
		{CA8CEEA7-19B3-470E-97B7-0E4261AC87A1}.Release|Any CPU.ActiveCfg = Release|Any CPU
		{CA8CEEA7-19B3-470E-97B7-0E4261AC87A1}.Release|Any CPU.Build.0 = Release|Any CPU
		{454261E1-1520-47F8-A19C-739BC1192870}.Debug|Any CPU.ActiveCfg = Debug|Any CPU
		{454261E1-1520-47F8-A19C-739BC1192870}.Debug|Any CPU.Build.0 = Debug|Any CPU
		{454261E1-1520-47F8-A19C-739BC1192870}.Release|Any CPU.ActiveCfg = Release|Any CPU
		{454261E1-1520-47F8-A19C-739BC1192870}.Release|Any CPU.Build.0 = Release|Any CPU
		{5A434C62-04F4-4836-973A-6270BA5CF2E8}.Debug|Any CPU.ActiveCfg = Debug|Any CPU
		{5A434C62-04F4-4836-973A-6270BA5CF2E8}.Debug|Any CPU.Build.0 = Debug|Any CPU
		{5A434C62-04F4-4836-973A-6270BA5CF2E8}.Release|Any CPU.ActiveCfg = Release|Any CPU
		{5A434C62-04F4-4836-973A-6270BA5CF2E8}.Release|Any CPU.Build.0 = Release|Any CPU
	EndGlobalSection
	GlobalSection(SolutionProperties) = preSolution
		HideSolutionNode = FALSE
	EndGlobalSection
	GlobalSection(ExtensibilityGlobals) = postSolution
		SolutionGuid = {087FFFD8-12CC-4B08-BDBD-D0186C55639A}
	EndGlobalSection
EndGlobal
